
Microsoft Visual Studio Solution File, Format Version 12.00
# Visual Studio Version 17
VisualStudioVersion = 17.5.002.0
MinimumVisualStudioVersion = 10.0.40219.1
Project("{9A19103F-16F7-4668-BE54-9A1E7A4F7556}") = "QuickSort", "QuickSort\QuickSort.csproj", "{5E7182CE-0F8C-438C-B565-13D8FAA82BE0}"
EndProject
Project("{2150E333-8FDC-42A3-9474-1A3956D46DE8}") = "Lec4_2DArrays_Recursion", "Lec4_2DArrays_Recursion", "{0D663169-CA19-4FE4-8DE0-1F62C5FA1B66}"
EndProject
Project("{9A19103F-16F7-4668-BE54-9A1E7A4F7556}") = "Program01", "Lec4_2DArrays_Recursion\Program01\Program01.csproj", "{A81DEBD8-401C-43F5-9FEA-9317C6E1AD8C}"
EndProject
Project("{9A19103F-16F7-4668-BE54-9A1E7A4F7556}") = "Program02", "Lec4_2DArrays_Recursion\Program02\Program02.csproj", "{47636D46-F986-47C2-8706-810A8D1D704F}"
EndProject
Project("{9A19103F-16F7-4668-BE54-9A1E7A4F7556}") = "sort", "Lec4_2DArrays_Recursion\sort\sort.csproj", "{A680D686-4479-4EA8-87B7-B9B9B1ED8C2D}"
EndProject
Project("{2150E333-8FDC-42A3-9474-1A3956D46DE8}") = "Sem2", "Sem2", "{A8DB79C2-E4B2-49C2-A3D0-7663DF27233F}"
EndProject
Project("{9A19103F-16F7-4668-BE54-9A1E7A4F7556}") = "homework", "Sem2\homework\homework.csproj", "{F7E13443-41FF-403A-B681-A15CCA98F053}"
EndProject
Project("{9A19103F-16F7-4668-BE54-9A1E7A4F7556}") = "notebook", "Sem2\notebook\notebook.csproj", "{C1D6098D-EFBE-4037-BC69-211C077159A0}"
EndProject
Project("{2150E333-8FDC-42A3-9474-1A3956D46DE8}") = "Sem3", "Sem3", "{03E75DE4-D242-4C57-AEAE-1BAA25D3A5F5}"
EndProject
Project("{9A19103F-16F7-4668-BE54-9A1E7A4F7556}") = "Sem3Task17", "Sem3\Sem3Task17\Sem3Task17.csproj", "{A630D596-4BDC-4533-ACD7-57B85FAD4887}"
EndProject
Project("{9A19103F-16F7-4668-BE54-9A1E7A4F7556}") = "Sem3Task18", "Sem3\Sem3Task18\Sem3Task18.csproj", "{8CCB7856-B1DC-4F6D-A1DE-A6983F3C014B}"
EndProject
Project("{9A19103F-16F7-4668-BE54-9A1E7A4F7556}") = "Sem3Task20", "Sem3\Sem3Task20\Sem3Task20.csproj", "{F62E48FC-FB44-42CB-B7C4-2F348DDFE68E}"
EndProject
Project("{9A19103F-16F7-4668-BE54-9A1E7A4F7556}") = "Sem3Task22", "Sem3\Sem3Task22\Sem3Task22.csproj", "{20F76A77-0B37-4DD1-95B6-27D0CFB9E5D2}"
EndProject
Project("{2150E333-8FDC-42A3-9474-1A3956D46DE8}") = "Sem4", "Sem4", "{6516EF98-8C72-4AEA-BA15-6C094B1E6195}"
EndProject
Project("{9A19103F-16F7-4668-BE54-9A1E7A4F7556}") = "homework", "Sem4\homework\homework.csproj", "{EF4EA3C6-D287-4AB5-BA20-7C3542C633AD}"
EndProject
Project("{9A19103F-16F7-4668-BE54-9A1E7A4F7556}") = "Sem4Task0", "Sem4\Sem4Task0\Sem4Task0.csproj", "{C6A27EF0-D0DA-4C32-BEE8-47D6864F542B}"
EndProject
Project("{9A19103F-16F7-4668-BE54-9A1E7A4F7556}") = "Sem4Task30", "Sem4\Sem4Task30\Sem4Task30.csproj", "{7B2D932A-3002-4DFC-8703-423C173C0A54}"
EndProject
Project("{2150E333-8FDC-42A3-9474-1A3956D46DE8}") = "Sem5", "Sem5", "{3CA0FA70-1817-473B-8F68-633EA0AEEE4E}"
EndProject
Project("{9A19103F-16F7-4668-BE54-9A1E7A4F7556}") = "notebook", "Sem5\notebook\notebook.csproj", "{CC121050-4B40-450A-AC06-807F3BE2CECE}"
EndProject
Project("{9A19103F-16F7-4668-BE54-9A1E7A4F7556}") = "Sem5Task31", "Sem5\Sem5Task31\Sem5Task31.csproj", "{119079AF-7855-467A-96EA-8049ED532D68}"
EndProject
Project("{9A19103F-16F7-4668-BE54-9A1E7A4F7556}") = "Sem5Task33", "Sem5\Sem5Task33\Sem5Task33.csproj", "{05BCC775-DBEC-47DC-AAA3-291D90D7F6C4}"
EndProject
Project("{9A19103F-16F7-4668-BE54-9A1E7A4F7556}") = "Sem5Task333", "Sem5\Sem5Task333\Sem5Task333.csproj", "{F4402019-44E5-43FB-8F7D-D44AF656ABE8}"
EndProject
Project("{9A19103F-16F7-4668-BE54-9A1E7A4F7556}") = "Sem5Task35", "Sem5\Sem5Task35\Sem5Task35.csproj", "{EB348A97-48A4-4D0E-A284-389D234FBB49}"
EndProject
Project("{9A19103F-16F7-4668-BE54-9A1E7A4F7556}") = "Task37", "Sem5\Task37\Task37.csproj", "{F621535C-1203-42CA-9A43-D15A1AF68197}"
EndProject
Project("{2150E333-8FDC-42A3-9474-1A3956D46DE8}") = "notebook", "notebook", "{208934FC-153A-4053-BCF0-786A2A6B902E}"
EndProject
Project("{2150E333-8FDC-42A3-9474-1A3956D46DE8}") = "aspnet", "aspnet", "{6FF8B4C5-FE31-4C6B-8332-538BAEF18C0C}"
EndProject
Project("{9A19103F-16F7-4668-BE54-9A1E7A4F7556}") = "MyWebApp", "Sem3\notebook\aspnet\MyWebApp\MyWebApp.csproj", "{E34DEE94-405E-4A56-8D3C-4A3245FA7B93}"
EndProject
Global
	GlobalSection(SolutionConfigurationPlatforms) = preSolution
		Debug|Any CPU = Debug|Any CPU
		Release|Any CPU = Release|Any CPU
	EndGlobalSection
	GlobalSection(ProjectConfigurationPlatforms) = postSolution
		{5E7182CE-0F8C-438C-B565-13D8FAA82BE0}.Debug|Any CPU.ActiveCfg = Debug|Any CPU
		{5E7182CE-0F8C-438C-B565-13D8FAA82BE0}.Debug|Any CPU.Build.0 = Debug|Any CPU
		{5E7182CE-0F8C-438C-B565-13D8FAA82BE0}.Release|Any CPU.ActiveCfg = Release|Any CPU
		{5E7182CE-0F8C-438C-B565-13D8FAA82BE0}.Release|Any CPU.Build.0 = Release|Any CPU
		{A81DEBD8-401C-43F5-9FEA-9317C6E1AD8C}.Debug|Any CPU.ActiveCfg = Debug|Any CPU
		{A81DEBD8-401C-43F5-9FEA-9317C6E1AD8C}.Debug|Any CPU.Build.0 = Debug|Any CPU
		{A81DEBD8-401C-43F5-9FEA-9317C6E1AD8C}.Release|Any CPU.ActiveCfg = Release|Any CPU
		{A81DEBD8-401C-43F5-9FEA-9317C6E1AD8C}.Release|Any CPU.Build.0 = Release|Any CPU
		{47636D46-F986-47C2-8706-810A8D1D704F}.Debug|Any CPU.ActiveCfg = Debug|Any CPU
		{47636D46-F986-47C2-8706-810A8D1D704F}.Debug|Any CPU.Build.0 = Debug|Any CPU
		{47636D46-F986-47C2-8706-810A8D1D704F}.Release|Any CPU.ActiveCfg = Release|Any CPU
		{47636D46-F986-47C2-8706-810A8D1D704F}.Release|Any CPU.Build.0 = Release|Any CPU
		{A680D686-4479-4EA8-87B7-B9B9B1ED8C2D}.Debug|Any CPU.ActiveCfg = Debug|Any CPU
		{A680D686-4479-4EA8-87B7-B9B9B1ED8C2D}.Debug|Any CPU.Build.0 = Debug|Any CPU
		{A680D686-4479-4EA8-87B7-B9B9B1ED8C2D}.Release|Any CPU.ActiveCfg = Release|Any CPU
		{A680D686-4479-4EA8-87B7-B9B9B1ED8C2D}.Release|Any CPU.Build.0 = Release|Any CPU
		{F7E13443-41FF-403A-B681-A15CCA98F053}.Debug|Any CPU.ActiveCfg = Debug|Any CPU
		{F7E13443-41FF-403A-B681-A15CCA98F053}.Debug|Any CPU.Build.0 = Debug|Any CPU
		{F7E13443-41FF-403A-B681-A15CCA98F053}.Release|Any CPU.ActiveCfg = Release|Any CPU
		{F7E13443-41FF-403A-B681-A15CCA98F053}.Release|Any CPU.Build.0 = Release|Any CPU
		{C1D6098D-EFBE-4037-BC69-211C077159A0}.Debug|Any CPU.ActiveCfg = Debug|Any CPU
		{C1D6098D-EFBE-4037-BC69-211C077159A0}.Debug|Any CPU.Build.0 = Debug|Any CPU
		{C1D6098D-EFBE-4037-BC69-211C077159A0}.Release|Any CPU.ActiveCfg = Release|Any CPU
		{C1D6098D-EFBE-4037-BC69-211C077159A0}.Release|Any CPU.Build.0 = Release|Any CPU
		{A630D596-4BDC-4533-ACD7-57B85FAD4887}.Debug|Any CPU.ActiveCfg = Debug|Any CPU
		{A630D596-4BDC-4533-ACD7-57B85FAD4887}.Debug|Any CPU.Build.0 = Debug|Any CPU
		{A630D596-4BDC-4533-ACD7-57B85FAD4887}.Release|Any CPU.ActiveCfg = Release|Any CPU
		{A630D596-4BDC-4533-ACD7-57B85FAD4887}.Release|Any CPU.Build.0 = Release|Any CPU
		{8CCB7856-B1DC-4F6D-A1DE-A6983F3C014B}.Debug|Any CPU.ActiveCfg = Debug|Any CPU
		{8CCB7856-B1DC-4F6D-A1DE-A6983F3C014B}.Debug|Any CPU.Build.0 = Debug|Any CPU
		{8CCB7856-B1DC-4F6D-A1DE-A6983F3C014B}.Release|Any CPU.ActiveCfg = Release|Any CPU
		{8CCB7856-B1DC-4F6D-A1DE-A6983F3C014B}.Release|Any CPU.Build.0 = Release|Any CPU
		{F62E48FC-FB44-42CB-B7C4-2F348DDFE68E}.Debug|Any CPU.ActiveCfg = Debug|Any CPU
		{F62E48FC-FB44-42CB-B7C4-2F348DDFE68E}.Debug|Any CPU.Build.0 = Debug|Any CPU
		{F62E48FC-FB44-42CB-B7C4-2F348DDFE68E}.Release|Any CPU.ActiveCfg = Release|Any CPU
		{F62E48FC-FB44-42CB-B7C4-2F348DDFE68E}.Release|Any CPU.Build.0 = Release|Any CPU
		{20F76A77-0B37-4DD1-95B6-27D0CFB9E5D2}.Debug|Any CPU.ActiveCfg = Debug|Any CPU
		{20F76A77-0B37-4DD1-95B6-27D0CFB9E5D2}.Debug|Any CPU.Build.0 = Debug|Any CPU
		{20F76A77-0B37-4DD1-95B6-27D0CFB9E5D2}.Release|Any CPU.ActiveCfg = Release|Any CPU
		{20F76A77-0B37-4DD1-95B6-27D0CFB9E5D2}.Release|Any CPU.Build.0 = Release|Any CPU
		{EF4EA3C6-D287-4AB5-BA20-7C3542C633AD}.Debug|Any CPU.ActiveCfg = Debug|Any CPU
		{EF4EA3C6-D287-4AB5-BA20-7C3542C633AD}.Debug|Any CPU.Build.0 = Debug|Any CPU
		{EF4EA3C6-D287-4AB5-BA20-7C3542C633AD}.Release|Any CPU.ActiveCfg = Release|Any CPU
		{EF4EA3C6-D287-4AB5-BA20-7C3542C633AD}.Release|Any CPU.Build.0 = Release|Any CPU
		{C6A27EF0-D0DA-4C32-BEE8-47D6864F542B}.Debug|Any CPU.ActiveCfg = Debug|Any CPU
		{C6A27EF0-D0DA-4C32-BEE8-47D6864F542B}.Debug|Any CPU.Build.0 = Debug|Any CPU
		{C6A27EF0-D0DA-4C32-BEE8-47D6864F542B}.Release|Any CPU.ActiveCfg = Release|Any CPU
		{C6A27EF0-D0DA-4C32-BEE8-47D6864F542B}.Release|Any CPU.Build.0 = Release|Any CPU
		{7B2D932A-3002-4DFC-8703-423C173C0A54}.Debug|Any CPU.ActiveCfg = Debug|Any CPU
		{7B2D932A-3002-4DFC-8703-423C173C0A54}.Debug|Any CPU.Build.0 = Debug|Any CPU
		{7B2D932A-3002-4DFC-8703-423C173C0A54}.Release|Any CPU.ActiveCfg = Release|Any CPU
		{7B2D932A-3002-4DFC-8703-423C173C0A54}.Release|Any CPU.Build.0 = Release|Any CPU
		{CC121050-4B40-450A-AC06-807F3BE2CECE}.Debug|Any CPU.ActiveCfg = Debug|Any CPU
		{CC121050-4B40-450A-AC06-807F3BE2CECE}.Debug|Any CPU.Build.0 = Debug|Any CPU
		{CC121050-4B40-450A-AC06-807F3BE2CECE}.Release|Any CPU.ActiveCfg = Release|Any CPU
		{CC121050-4B40-450A-AC06-807F3BE2CECE}.Release|Any CPU.Build.0 = Release|Any CPU
		{119079AF-7855-467A-96EA-8049ED532D68}.Debug|Any CPU.ActiveCfg = Debug|Any CPU
		{119079AF-7855-467A-96EA-8049ED532D68}.Debug|Any CPU.Build.0 = Debug|Any CPU
		{119079AF-7855-467A-96EA-8049ED532D68}.Release|Any CPU.ActiveCfg = Release|Any CPU
		{119079AF-7855-467A-96EA-8049ED532D68}.Release|Any CPU.Build.0 = Release|Any CPU
		{05BCC775-DBEC-47DC-AAA3-291D90D7F6C4}.Debug|Any CPU.ActiveCfg = Debug|Any CPU
		{05BCC775-DBEC-47DC-AAA3-291D90D7F6C4}.Debug|Any CPU.Build.0 = Debug|Any CPU
		{05BCC775-DBEC-47DC-AAA3-291D90D7F6C4}.Release|Any CPU.ActiveCfg = Release|Any CPU
		{05BCC775-DBEC-47DC-AAA3-291D90D7F6C4}.Release|Any CPU.Build.0 = Release|Any CPU
		{F4402019-44E5-43FB-8F7D-D44AF656ABE8}.Debug|Any CPU.ActiveCfg = Debug|Any CPU
		{F4402019-44E5-43FB-8F7D-D44AF656ABE8}.Debug|Any CPU.Build.0 = Debug|Any CPU
		{F4402019-44E5-43FB-8F7D-D44AF656ABE8}.Release|Any CPU.ActiveCfg = Release|Any CPU
		{F4402019-44E5-43FB-8F7D-D44AF656ABE8}.Release|Any CPU.Build.0 = Release|Any CPU
		{EB348A97-48A4-4D0E-A284-389D234FBB49}.Debug|Any CPU.ActiveCfg = Debug|Any CPU
		{EB348A97-48A4-4D0E-A284-389D234FBB49}.Debug|Any CPU.Build.0 = Debug|Any CPU
		{EB348A97-48A4-4D0E-A284-389D234FBB49}.Release|Any CPU.ActiveCfg = Release|Any CPU
		{EB348A97-48A4-4D0E-A284-389D234FBB49}.Release|Any CPU.Build.0 = Release|Any CPU
		{F621535C-1203-42CA-9A43-D15A1AF68197}.Debug|Any CPU.ActiveCfg = Debug|Any CPU
		{F621535C-1203-42CA-9A43-D15A1AF68197}.Debug|Any CPU.Build.0 = Debug|Any CPU
		{F621535C-1203-42CA-9A43-D15A1AF68197}.Release|Any CPU.ActiveCfg = Release|Any CPU
		{F621535C-1203-42CA-9A43-D15A1AF68197}.Release|Any CPU.Build.0 = Release|Any CPU
		{E34DEE94-405E-4A56-8D3C-4A3245FA7B93}.Debug|Any CPU.ActiveCfg = Debug|Any CPU
		{E34DEE94-405E-4A56-8D3C-4A3245FA7B93}.Debug|Any CPU.Build.0 = Debug|Any CPU
		{E34DEE94-405E-4A56-8D3C-4A3245FA7B93}.Release|Any CPU.ActiveCfg = Release|Any CPU
		{E34DEE94-405E-4A56-8D3C-4A3245FA7B93}.Release|Any CPU.Build.0 = Release|Any CPU
	EndGlobalSection
	GlobalSection(SolutionProperties) = preSolution
		HideSolutionNode = FALSE
	EndGlobalSection
	GlobalSection(NestedProjects) = preSolution
		{A81DEBD8-401C-43F5-9FEA-9317C6E1AD8C} = {0D663169-CA19-4FE4-8DE0-1F62C5FA1B66}
		{47636D46-F986-47C2-8706-810A8D1D704F} = {0D663169-CA19-4FE4-8DE0-1F62C5FA1B66}
		{A680D686-4479-4EA8-87B7-B9B9B1ED8C2D} = {0D663169-CA19-4FE4-8DE0-1F62C5FA1B66}
		{F7E13443-41FF-403A-B681-A15CCA98F053} = {A8DB79C2-E4B2-49C2-A3D0-7663DF27233F}
		{C1D6098D-EFBE-4037-BC69-211C077159A0} = {A8DB79C2-E4B2-49C2-A3D0-7663DF27233F}
		{A630D596-4BDC-4533-ACD7-57B85FAD4887} = {03E75DE4-D242-4C57-AEAE-1BAA25D3A5F5}
		{8CCB7856-B1DC-4F6D-A1DE-A6983F3C014B} = {03E75DE4-D242-4C57-AEAE-1BAA25D3A5F5}
		{F62E48FC-FB44-42CB-B7C4-2F348DDFE68E} = {03E75DE4-D242-4C57-AEAE-1BAA25D3A5F5}
		{20F76A77-0B37-4DD1-95B6-27D0CFB9E5D2} = {03E75DE4-D242-4C57-AEAE-1BAA25D3A5F5}
		{EF4EA3C6-D287-4AB5-BA20-7C3542C633AD} = {6516EF98-8C72-4AEA-BA15-6C094B1E6195}
		{C6A27EF0-D0DA-4C32-BEE8-47D6864F542B} = {6516EF98-8C72-4AEA-BA15-6C094B1E6195}
		{7B2D932A-3002-4DFC-8703-423C173C0A54} = {6516EF98-8C72-4AEA-BA15-6C094B1E6195}
		{CC121050-4B40-450A-AC06-807F3BE2CECE} = {3CA0FA70-1817-473B-8F68-633EA0AEEE4E}
		{119079AF-7855-467A-96EA-8049ED532D68} = {3CA0FA70-1817-473B-8F68-633EA0AEEE4E}
		{05BCC775-DBEC-47DC-AAA3-291D90D7F6C4} = {3CA0FA70-1817-473B-8F68-633EA0AEEE4E}
		{F4402019-44E5-43FB-8F7D-D44AF656ABE8} = {3CA0FA70-1817-473B-8F68-633EA0AEEE4E}
		{EB348A97-48A4-4D0E-A284-389D234FBB49} = {3CA0FA70-1817-473B-8F68-633EA0AEEE4E}
		{F621535C-1203-42CA-9A43-D15A1AF68197} = {3CA0FA70-1817-473B-8F68-633EA0AEEE4E}
		{208934FC-153A-4053-BCF0-786A2A6B902E} = {03E75DE4-D242-4C57-AEAE-1BAA25D3A5F5}
		{6FF8B4C5-FE31-4C6B-8332-538BAEF18C0C} = {208934FC-153A-4053-BCF0-786A2A6B902E}
		{E34DEE94-405E-4A56-8D3C-4A3245FA7B93} = {6FF8B4C5-FE31-4C6B-8332-538BAEF18C0C}
	EndGlobalSection
	GlobalSection(ExtensibilityGlobals) = postSolution
		SolutionGuid = {2479D1BC-786B-485D-B630-7870A458A085}
	EndGlobalSection
EndGlobal
